
Microsoft Visual Studio Solution File, Format Version 11.00
# Visual Studio 2010
Project("{FAE04EC0-301F-11D3-BF4B-00C04F79EFBC}") = "bodega", "bodega\bodega.csproj", "{92B29C14-597A-4CB6-B15C-690A23013B49}"
EndProject
Global
	GlobalSection(SolutionConfigurationPlatforms) = preSolution
		Debug|x86 = Debug|x86
		Release|x86 = Release|x86
	EndGlobalSection
	GlobalSection(ProjectConfigurationPlatforms) = postSolution
		{92B29C14-597A-4CB6-B15C-690A23013B49}.Debug|x86.ActiveCfg = Debug|x86
		{92B29C14-597A-4CB6-B15C-690A23013B49}.Debug|x86.Build.0 = Debug|x86
		{92B29C14-597A-4CB6-B15C-690A23013B49}.Release|x86.ActiveCfg = Release|x86
		{92B29C14-597A-4CB6-B15C-690A23013B49}.Release|x86.Build.0 = Release|x86
	EndGlobalSection
	GlobalSection(SolutionProperties) = preSolution
		HideSolutionNode = FALSE
	EndGlobalSection
EndGlobal
